
Microsoft Visual Studio Solution File, Format Version 12.00
# Visual Studio Version 17
VisualStudioVersion = 17.12.35527.113
MinimumVisualStudioVersion = 10.0.40219.1
Project("{FAE04EC0-301F-11D3-BF4B-00C04F79EFBC}") = "PlainHtmlToPdf", "PlainHtmlToPdf\PlainHtmlToPdf.csproj", "{5BBB168C-DBDE-40E4-9F5F-CCF341F16FEF}"
EndProject
Project("{FAE04EC0-301F-11D3-BF4B-00C04F79EFBC}") = "PlainHtmlToPdf.Tests", "PlainHtmlToPdf.Tests\PlainHtmlToPdf.Tests.csproj", "{269C8402-1A40-4172-858A-E07B973BEEB3}"
EndProject
Global
	GlobalSection(SolutionConfigurationPlatforms) = preSolution
		Debug|Any CPU = Debug|Any CPU
		Release|Any CPU = Release|Any CPU
	EndGlobalSection
	GlobalSection(ProjectConfigurationPlatforms) = postSolution
		{5BBB168C-DBDE-40E4-9F5F-CCF341F16FEF}.Debug|Any CPU.ActiveCfg = Debug|Any CPU
		{5BBB168C-DBDE-40E4-9F5F-CCF341F16FEF}.Debug|Any CPU.Build.0 = Debug|Any CPU
		{5BBB168C-DBDE-40E4-9F5F-CCF341F16FEF}.Release|Any CPU.ActiveCfg = Release|Any CPU
		{5BBB168C-DBDE-40E4-9F5F-CCF341F16FEF}.Release|Any CPU.Build.0 = Release|Any CPU
		{269C8402-1A40-4172-858A-E07B973BEEB3}.Debug|Any CPU.ActiveCfg = Debug|Any CPU
		{269C8402-1A40-4172-858A-E07B973BEEB3}.Debug|Any CPU.Build.0 = Debug|Any CPU
		{269C8402-1A40-4172-858A-E07B973BEEB3}.Release|Any CPU.ActiveCfg = Release|Any CPU
		{269C8402-1A40-4172-858A-E07B973BEEB3}.Release|Any CPU.Build.0 = Release|Any CPU
	EndGlobalSection
	GlobalSection(SolutionProperties) = preSolution
		HideSolutionNode = FALSE
	EndGlobalSection
EndGlobal
